
Microsoft Visual Studio Solution File, Format Version 11.00
# Visual Studio 2010
Project("{FAE04EC0-301F-11D3-BF4B-00C04F79EFBC}") = "Mymyproject", "Assembly-CSharp.csproj", "{01D3B414-5A52-A576-A8FA-372DBA1C2551}"
EndProject
Project("{FAE04EC0-301F-11D3-BF4B-00C04F79EFBC}") = "Mymyproject", "Assembly-CSharp-Editor.csproj", "{8B360AE0-A589-3975-CEC7-A533EB0E20EB}"
EndProject
Global
	GlobalSection(SolutionConfigurationPlatforms) = preSolution
		Debug|Any CPU = Debug|Any CPU
		Release|Any CPU = Release|Any CPU
	EndGlobalSection
	GlobalSection(ProjectConfigurationPlatforms) = postSolution
		{01D3B414-5A52-A576-A8FA-372DBA1C2551}.Debug|Any CPU.ActiveCfg = Debug|Any CPU
		{01D3B414-5A52-A576-A8FA-372DBA1C2551}.Debug|Any CPU.Build.0 = Debug|Any CPU
		{01D3B414-5A52-A576-A8FA-372DBA1C2551}.Release|Any CPU.ActiveCfg = Release|Any CPU
		{01D3B414-5A52-A576-A8FA-372DBA1C2551}.Release|Any CPU.Build.0 = Release|Any CPU
		{8B360AE0-A589-3975-CEC7-A533EB0E20EB}.Debug|Any CPU.ActiveCfg = Debug|Any CPU
		{8B360AE0-A589-3975-CEC7-A533EB0E20EB}.Debug|Any CPU.Build.0 = Debug|Any CPU
		{8B360AE0-A589-3975-CEC7-A533EB0E20EB}.Release|Any CPU.ActiveCfg = Release|Any CPU
		{8B360AE0-A589-3975-CEC7-A533EB0E20EB}.Release|Any CPU.Build.0 = Release|Any CPU
	EndGlobalSection
	GlobalSection(SolutionProperties) = preSolution
		HideSolutionNode = FALSE
	EndGlobalSection
	GlobalSection(MonoDevelopProperties) = preSolution
		StartupItem = Assembly-CSharp.csproj
	EndGlobalSection
EndGlobal
